{
    "requires": true,
    "lockfileVersion": 1,
    "dependencies": {
        "@fortawesome/fontawesome-free": {
            "version": "5.10.2",
            "resolved": "https://registry.npmjs.org/@fortawesome/fontawesome-free/-/fontawesome-free-5.10.2.tgz",
            "integrity": "sha512-9pw+Nsnunl9unstGEHQ+u41wBEQue6XPBsILXtJF/4fNN1L3avJcMF/gGF86rIjeTAgfLjTY9ndm68/X4f4idQ==",
            "dev": true
        },
        "sweetalert2": {
            "version": "8.17.1",
            "resolved": "https://registry.npmjs.org/sweetalert2/-/sweetalert2-8.17.1.tgz",
            "integrity": "sha512-aCPXmK1YyVUfsw36iDETzUnYj1fxwXSY/dkt8cnqViv7f5sOS5i37LXIf9LLiDCd99EbY4d4kvZkyWYlJZ79Xw=="
        }
    }
}
